
Microsoft Visual Studio Solution File, Format Version 12.00
# Visual Studio 15
Project("{FAE04EC0-301F-11D3-BF4B-00C04F79EFBC}") = "Electronics", "Electronics\Electronics.csproj", "{8ECF513F-A4C7-42D8-A537-0C01839D4AC9}"
EndProject
Global
	GlobalSection(SolutionConfigurationPlatforms) = preSolution
		Debug|Any CPU = Debug|Any CPU
		Release|Any CPU = Release|Any CPU
	EndGlobalSection
	GlobalSection(ProjectConfigurationPlatforms) = postSolution
		{8ECF513F-A4C7-42D8-A537-0C01839D4AC9}.Debug|Any CPU.ActiveCfg = Debug|Any CPU
		{8ECF513F-A4C7-42D8-A537-0C01839D4AC9}.Debug|Any CPU.Build.0 = Debug|Any CPU
		{8ECF513F-A4C7-42D8-A537-0C01839D4AC9}.Release|Any CPU.ActiveCfg = Release|Any CPU
		{8ECF513F-A4C7-42D8-A537-0C01839D4AC9}.Release|Any CPU.Build.0 = Release|Any CPU
	EndGlobalSection
EndGlobal
